{
  "nodes": {
    "Karabiner-DriverKit-VirtualHIDDevice": {
      "flake": false,
      "locked": {
        "lastModified": 1612454008,
        "narHash": "sha256-+wdIXkZ0MkyY6J1W1QU5x0LUL0U8fHLKc/W91MfAdR4=",
        "owner": "pqrs-org",
        "repo": "Karabiner-DriverKit-VirtualHIDDevice",
        "rev": "bfe93e7bdd13f766937becd640f91f4b0c02444f",
        "type": "github"
      },
      "original": {
        "owner": "pqrs-org",
        "repo": "Karabiner-DriverKit-VirtualHIDDevice",
        "rev": "bfe93e7bdd13f766937becd640f91f4b0c02444f",
        "type": "github"
      }
    },
    "nixpkgs": {
      "locked": {
        "lastModified": 1653326962,
        "narHash": "sha256-W8feCYqKTsMre4nAEpv5Kx1PVFC+hao/LwqtB2Wci/8=",
        "owner": "NixOS",
        "repo": "nixpkgs",
        "rev": "41cc1d5d9584103be4108c1815c350e07c807036",
        "type": "github"
      },
      "original": {
        "owner": "NixOS",
        "ref": "nixpkgs-unstable",
        "repo": "nixpkgs",
        "type": "github"
      }
    },
    "root": {
      "inputs": {
        "Karabiner-DriverKit-VirtualHIDDevice": "Karabiner-DriverKit-VirtualHIDDevice",
        "nixpkgs": "nixpkgs"
      }
    }
  },
  "root": "root",
  "version": 7
}
